schema: '2.0'
stages:
  stage_name:
    cmd: python src/stage_01_get_data.py --config=configs/config.yaml
    deps:
    - path: configs/config.yaml
      md5: 9e6b53f0d8226e5ab4e35701bac40985
      size: 677
    - path: src/stage_01_get_data.py
      md5: aaa50d6f8217eeafcfadeff759741353
      size: 1682
    - path: src/utils/common.py
      md5: d162961d817182441383bdb0e674e685
      size: 675
    outs:
    - path: data/data.xml
      md5: a304afb96060aad90176268345e10355
      size: 37891850
  get_data:
    cmd: python src/stage_01_get_data.py --config=configs/config.yaml
    deps:
    - path: configs/config.yaml
      md5: 69a10512b3eaa81b8b3139d681c6a1f5
      size: 600
    - path: src/stage_01_get_data.py
      md5: adbb49b12683d40646407e66d81abe30
      size: 1751
    - path: src/utils/common.py
      md5: 56e66163eaca95911dff4316c7eba998
      size: 1342
    outs:
    - path: data/data.xml
      md5: a304afb96060aad90176268345e10355
      size: 37891850
  prepare_data:
    cmd: python src/stage_02_prepare.py --config=configs/config.yaml --params=params.yaml
    deps:
    - path: configs/config.yaml
      md5: 69a10512b3eaa81b8b3139d681c6a1f5
      size: 600
    - path: data/data.xml
      md5: a304afb96060aad90176268345e10355
      size: 37891850
    - path: src/stage_02_prepare.py
      md5: add018e19e969416fa07772e0dd413c7
      size: 2119
    - path: src/utils/common.py
      md5: 56e66163eaca95911dff4316c7eba998
      size: 1342
    - path: src/utils/data_mgmt.py
      md5: e6616f0b5807d6d292288dc6b15febba
      size: 879
    params:
      params.yaml:
        prepare.seed: 2021
        prepare.split: 0.2
    outs:
    - path: artifacts/prepared/test.tsv
      md5: 918f5f093424fef51ca15b1b3a6642d2
      size: 2634031
    - path: artifacts/prepared/train.tsv
      md5: b0979fe2b9a2edd7bf69fee6ccc01e8a
      size: 10212882
  featurize:
    cmd: python src/stage_03_featurization.py --config=configs/config.yaml --params=params.yaml
    deps:
    - path: artifacts/prepared/test.tsv
      md5: 918f5f093424fef51ca15b1b3a6642d2
      size: 2634031
    - path: artifacts/prepared/train.tsv
      md5: b0979fe2b9a2edd7bf69fee6ccc01e8a
      size: 10212882
    - path: configs/config.yaml
      md5: 69a10512b3eaa81b8b3139d681c6a1f5
      size: 600
    - path: src/stage_03_featurization.py
      md5: 38b0674c31c7c69cb3707c2fcdcf7d3f
      size: 2951
    - path: src/utils/common.py
      md5: 56e66163eaca95911dff4316c7eba998
      size: 1342
    - path: src/utils/featurize.py
      md5: 37215849f3bbfe53ca668a4e2a0a302a
      size: 487
    params:
      params.yaml:
        featurize.max_features: 3000
        featurize.ngrams: 3
    outs:
    - path: artifacts/features/test.pkl
      md5: ff838024dfe6d27e69f96620364ce09b
      size: 1294617
    - path: artifacts/features/train.pkl
      md5: 982ca6319beca40699a7c9503e6b0ea0
      size: 5019357
  train:
    cmd: python src/stage_04_train.py --config=configs/config.yaml --params=params.yaml
    deps:
    - path: artifacts/features/train.pkl
      md5: 982ca6319beca40699a7c9503e6b0ea0
      size: 5019357
    - path: configs/config.yaml
      md5: 69a10512b3eaa81b8b3139d681c6a1f5
      size: 600
    - path: src/stage_04_train.py
      md5: 92aa6c1186dfdb53d99050fd785123d7
      size: 2300
    - path: src/utils/common.py
      md5: 56e66163eaca95911dff4316c7eba998
      size: 1342
    params:
      params.yaml:
        train.min_split: 12
        train.n_est: 100
        train.seed: 2021
    outs:
    - path: artifacts/model/model.pkl
      md5: 90041e6345f6eef88d7209062ad41ba2
      size: 2642363
  evaluate:
    cmd: python src/stage_05_evaluate.py --config=configs/config.yaml
    deps:
    - path: artifacts/features/test.pkl
      md5: ff838024dfe6d27e69f96620364ce09b
      size: 1294617
    - path: artifacts/model/model.pkl
      md5: 90041e6345f6eef88d7209062ad41ba2
      size: 2642363
    - path: configs/config.yaml
      md5: 69a10512b3eaa81b8b3139d681c6a1f5
      size: 600
    - path: src/stage_05_evaluate.py
      md5: 73286bced7659429370b0ba02fecfa54
      size: 2776
    - path: src/utils/common.py
      md5: 56e66163eaca95911dff4316c7eba998
      size: 1342
    outs:
    - path: prc.json
      md5: d4f1d4422df4bf6aae039f7bb01c2374
      size: 144251
    - path: roc.json
      md5: 527893baa072c34a48bc8166d26573f4
      size: 34452
    - path: scores.json
      md5: 18f56610680540c8507ef8060b337bb6
      size: 73
